<?xml version="1.0" encoding="utf-8"?>
<Project ToolsVersion="4.0" xmlns="http://schemas.microsoft.com/developer/msbuild/2003">
  <ItemGroup>
    <Filter Include="Source Files">
      <UniqueIdentifier>{4FC737F1-C7A5-4376-A066-2A32D752A2FF}</UniqueIdentifier>
      <Extensions>cpp;c;cc;cxx;def;odl;idl;hpj;bat;asm;asmx</Extensions>
    </Filter>
    <Filter Include="Header Files">
      <UniqueIdentifier>{93995380-89BD-4b04-88EB-625FBE52EBFB}</UniqueIdentifier>
      <Extensions>h;hh;hpp;hxx;hm;inl;inc;xsd</Extensions>
    </Filter>
    <Filter Include="Resource Files">
      <UniqueIdentifier>{67DA6AB6-F800-4c08-8B7A-83BB121AAD01}</UniqueIdentifier>
      <Extensions>rc;ico;cur;bmp;dlg;rc2;rct;bin;rgs;gif;jpg;jpeg;jpe;resx;tiff;tif;png;wav;mfcribbon-ms</Extensions>
    </Filter>
    <Filter Include="Header Files\DiffusionOfAdvection">
      <UniqueIdentifier>{696b10b9-e02f-48c9-9fe2-4ff58dae5ee8}</UniqueIdentifier>
    </Filter>
    <Filter Include="Header Files\QuickWithQuasiStationaryModel">
      <UniqueIdentifier>{91c7f9f9-cd52-4516-9dd1-7ca0f6eb03aa}</UniqueIdentifier>
    </Filter>
    <Filter Include="Header Files\QuasistationaryWithRealData">
      <UniqueIdentifier>{ae122c85-f7d5-4f2b-9969-0f984bc75c9c}</UniqueIdentifier>
    </Filter>
    <Filter Include="Header Files\IdentQuasistaticIsothermal">
      <UniqueIdentifier>{3e678324-82cf-443e-8ffe-127c448e2f6e}</UniqueIdentifier>
    </Filter>
    <Filter Include="Header Files\CalcMassOnQuasistaticIsothermal">
      <UniqueIdentifier>{a83fc539-3b10-4dad-a01e-860a8092fa32}</UniqueIdentifier>
    </Filter>
    <Filter Include="Header Files\NonisothermalQuasistationaryWithRealData">
      <UniqueIdentifier>{2ef66776-6a1a-4795-a477-ce9c2f254592}</UniqueIdentifier>
    </Filter>
    <Filter Include="Header Files\IdentQuasistaticNonisothermal">
      <UniqueIdentifier>{6ace0b54-42da-4bfe-993f-04bb13cdcf9f}</UniqueIdentifier>
    </Filter>
  </ItemGroup>
  <ItemGroup>
    <ClInclude Include="..\research\2023-12-diffusion-of-advection\diffusion_of_advection.h">
      <Filter>Header Files\DiffusionOfAdvection</Filter>
    </ClInclude>
    <ClInclude Include="..\research\2024-02-quick-with-quasistationary-model\quick_with_quasistationary_model.h">
      <Filter>Header Files\QuickWithQuasiStationaryModel</Filter>
    </ClInclude>
    <ClInclude Include="..\research\2024-08-quasistationary-with-real-data\quasistationary_with_real_data.h">
      <Filter>Header Files\QuasistationaryWithRealData</Filter>
    </ClInclude>
    <ClInclude Include="..\research\2024-10-ident-quasistatic-isothermal\ident_quasistatic_isothermal.h">
      <Filter>Header Files\IdentQuasistaticIsothermal</Filter>
    </ClInclude>
    <ClInclude Include="..\research\2025-04-calc-mass-on-isothermal-quasistatic\calc_mass_on_isothermal_quasistatic.h">
      <Filter>Header Files\CalcMassOnQuasistaticIsothermal</Filter>
    </ClInclude>
    <ClInclude Include="..\research\2025-01-ident-quasistatic-nonisothermal\nonisothermal_quasistationary_with_real_data.h">
      <Filter>Header Files\NonisothermalQuasistationaryWithRealData</Filter>
    </ClInclude>
    <ClInclude Include="..\research\2025-01-ident-quasistatic-nonisothermal\ident_quasistatic_nonisothermal.h">
      <Filter>Header Files\IdentQuasistaticNonisothermal</Filter>
    </ClInclude>
  </ItemGroup>
  <ItemGroup>
    <ClCompile Include="..\research\research_main.cpp">
      <Filter>Source Files</Filter>
    </ClCompile>
  </ItemGroup>
</Project>